<?xml version="1.0" encoding="utf-8"?>
<Project ToolsVersion="4.0" xmlns="http://schemas.microsoft.com/developer/msbuild/2003">
  <ItemGroup>
    <ClInclude Include="GameEngineStateManager.h">
      <Filter>Contents</Filter>
    </ClInclude>
    <ClInclude Include="GameEngineCore.h">
      <Filter>Core</Filter>
    </ClInclude>
    <ClInclude Include="GameEngineRenderer.h">
      <Filter>Object\Component\Rendering</Filter>
    </ClInclude>
    <ClInclude Include="GameEngineComponent.h">
      <Filter>Object\Component</Filter>
    </ClInclude>
    <ClInclude Include="GameEngineLevel.h">
      <Filter>Object</Filter>
    </ClInclude>
    <ClInclude Include="GameEngineActor.h">
      <Filter>Object</Filter>
    </ClInclude>
    <ClInclude Include="GEngine.h" />
    <ClInclude Include="GameEngineRes.h">
      <Filter>Resources</Filter>
    </ClInclude>
    <ClInclude Include="GameEngineCamera.h">
      <Filter>Object\Component\Rendering</Filter>
    </ClInclude>
    <ClInclude Include="GameEngineTransformComponent.h">
      <Filter>Object\Component</Filter>
    </ClInclude>
    <ClInclude Include="PreCompile.h">
      <Filter>PreCompile</Filter>
    </ClInclude>
    <ClInclude Include="GameEngineDevice.h">
      <Filter>Device</Filter>
    </ClInclude>
    <ClInclude Include="GameEngineCollision.h">
      <Filter>Object\Component\Coliision</Filter>
    </ClInclude>
    <ClInclude Include="GameEngineCameraActor.h">
      <Filter>Object\Component\Rendering</Filter>
    </ClInclude>
    <ClInclude Include="GameEngineTransformBase.h">
      <Filter>Object\Component</Filter>
    </ClInclude>
    <ClInclude Include="CoreMinimal.h" />
    <ClInclude Include="GameEngineDefaultRenderer.h">
      <Filter>Object\Component\Rendering</Filter>
    </ClInclude>
    <ClInclude Include="GameEngineVertexBuffer.h">
      <Filter>Resources\InputAssembler</Filter>
    </ClInclude>
    <ClInclude Include="GameEngineIndexBuffer.h">
      <Filter>Resources\InputAssembler</Filter>
    </ClInclude>
    <ClInclude Include="GameEngineVertexs.h">
      <Filter>Resources\InputAssembler</Filter>
    </ClInclude>
    <ClInclude Include="GameEngineInputLayOut.h">
      <Filter>Resources\InputAssembler</Filter>
    </ClInclude>
    <ClInclude Include="GameEngineRenderTarget.h">
      <Filter>Resources\OutputMerger</Filter>
    </ClInclude>
    <ClInclude Include="GameEngineBlend.h">
      <Filter>Resources\OutputMerger</Filter>
    </ClInclude>
    <ClInclude Include="GameEngineDepthStencil.h">
      <Filter>Resources\OutputMerger</Filter>
    </ClInclude>
    <ClInclude Include="GameEngineRasterizer.h">
      <Filter>Resources\Rasterizer</Filter>
    </ClInclude>
    <ClInclude Include="GameEngineVertexShader.h">
      <Filter>Resources\Shader</Filter>
    </ClInclude>
    <ClInclude Include="GameEnginePixelShader.h">
      <Filter>Resources\Shader</Filter>
    </ClInclude>
    <ClInclude Include="GameEngineShader.h">
      <Filter>Resources\Shader</Filter>
    </ClInclude>
    <ClInclude Include="GameEngineTexture.h">
      <Filter>Resources\Texture</Filter>
    </ClInclude>
    <ClInclude Include="GameEngineRenderingPipeLine.h">
      <Filter>Resources</Filter>
    </ClInclude>
    <ClInclude Include="GameEngineConstantBuffer.h">
      <Filter>Resources\ShaderResources</Filter>
    </ClInclude>
    <ClInclude Include="GameEngineShaderResourcesHelper.h">
      <Filter>Object\Component\Rendering</Filter>
    </ClInclude>
    <ClInclude Include="ThirdParty\inc\DirectXTex.h">
      <Filter>ThirdParty\Inc</Filter>
    </ClInclude>
    <ClInclude Include="GameEngineSampler.h">
      <Filter>Resources\Texture</Filter>
    </ClInclude>
    <ClInclude Include="GameEngineTextureRenderer.h">
      <Filter>Object\Component\Rendering\Content</Filter>
    </ClInclude>
    <ClInclude Include="GameEngineFolderTexture.h">
      <Filter>Resources\Texture</Filter>
    </ClInclude>
    <ClInclude Include="GameEngineDepthStencilTexture.h">
      <Filter>Resources\OutputMerger</Filter>
    </ClInclude>
    <ClInclude Include="imstb_truetype.h">
      <Filter>GUI\IMGUI</Filter>
    </ClInclude>
    <ClInclude Include="imstb_textedit.h">
      <Filter>GUI\IMGUI</Filter>
    </ClInclude>
    <ClInclude Include="imstb_rectpack.h">
      <Filter>GUI\IMGUI</Filter>
    </ClInclude>
    <ClInclude Include="imgui_internal.h">
      <Filter>GUI\IMGUI</Filter>
    </ClInclude>
    <ClInclude Include="imgui_impl_win32.h">
      <Filter>GUI\IMGUI</Filter>
    </ClInclude>
    <ClInclude Include="imgui_impl_dx11.h">
      <Filter>GUI\IMGUI</Filter>
    </ClInclude>
    <ClInclude Include="imgui.h">
      <Filter>GUI\IMGUI</Filter>
    </ClInclude>
    <ClInclude Include="imconfig.h">
      <Filter>GUI\IMGUI</Filter>
    </ClInclude>
    <ClInclude Include="GameEngineGUI.h">
      <Filter>GUI</Filter>
    </ClInclude>
    <ClInclude Include="GameEngineUIRenderer.h">
      <Filter>Object\Component\Rendering\Content</Filter>
    </ClInclude>
    <ClInclude Include="GameEngineStatusWindow.h">
      <Filter>GUI\EngineGUIWindow</Filter>
    </ClInclude>
  </ItemGroup>
  <ItemGroup>
    <ClCompile Include="GameEngineStateManager.cpp">
      <Filter>Contents</Filter>
    </ClCompile>
    <ClCompile Include="GameEngineCore.cpp">
      <Filter>Core</Filter>
    </ClCompile>
    <ClCompile Include="GameEngineRenderer.cpp">
      <Filter>Object\Component\Rendering</Filter>
    </ClCompile>
    <ClCompile Include="GameEngineComponent.cpp">
      <Filter>Object\Component</Filter>
    </ClCompile>
    <ClCompile Include="GameEngineActor.cpp">
      <Filter>Object</Filter>
    </ClCompile>
    <ClCompile Include="GameEngineLevel.cpp">
      <Filter>Object</Filter>
    </ClCompile>
    <ClCompile Include="GEngine.cpp" />
    <ClCompile Include="GameEngineRes.cpp">
      <Filter>Resources</Filter>
    </ClCompile>
    <ClCompile Include="GameEngineCore_Resources.cpp">
      <Filter>Core</Filter>
    </ClCompile>
    <ClCompile Include="GameEngineCamera.cpp">
      <Filter>Object\Component\Rendering</Filter>
    </ClCompile>
    <ClCompile Include="GameEngineTransformComponent.cpp">
      <Filter>Object\Component</Filter>
    </ClCompile>
    <ClCompile Include="PreCompile.cpp">
      <Filter>PreCompile</Filter>
    </ClCompile>
    <ClCompile Include="GameEngineDevice.cpp">
      <Filter>Device</Filter>
    </ClCompile>
    <ClCompile Include="GameEngineCollision.cpp">
      <Filter>Object\Component\Coliision</Filter>
    </ClCompile>
    <ClCompile Include="GameEngineCameraActor.cpp">
      <Filter>Object\Component\Rendering</Filter>
    </ClCompile>
    <ClCompile Include="GameEngineTransformBase.cpp">
      <Filter>Object\Component</Filter>
    </ClCompile>
    <ClCompile Include="GameEngineDefaultRenderer.cpp">
      <Filter>Object\Component\Rendering</Filter>
    </ClCompile>
    <ClCompile Include="GameEngineVertexBuffer.cpp">
      <Filter>Resources\InputAssembler</Filter>
    </ClCompile>
    <ClCompile Include="GameEngineIndexBuffer.cpp">
      <Filter>Resources\InputAssembler</Filter>
    </ClCompile>
    <ClCompile Include="GameEngineVertexs.cpp">
      <Filter>Resources\InputAssembler</Filter>
    </ClCompile>
    <ClCompile Include="GameEngineInputLayOut.cpp">
      <Filter>Resources\InputAssembler</Filter>
    </ClCompile>
    <ClCompile Include="GameEngineRenderTarget.cpp">
      <Filter>Resources\OutputMerger</Filter>
    </ClCompile>
    <ClCompile Include="GameEngineBlend.cpp">
      <Filter>Resources\OutputMerger</Filter>
    </ClCompile>
    <ClCompile Include="GameEngineDepthStencil.cpp">
      <Filter>Resources\OutputMerger</Filter>
    </ClCompile>
    <ClCompile Include="GameEngineRasterizer.cpp">
      <Filter>Resources\Rasterizer</Filter>
    </ClCompile>
    <ClCompile Include="GameEngineVertexShader.cpp">
      <Filter>Resources\Shader</Filter>
    </ClCompile>
    <ClCompile Include="GameEnginePixelShader.cpp">
      <Filter>Resources\Shader</Filter>
    </ClCompile>
    <ClCompile Include="GameEngineShader.cpp">
      <Filter>Resources\Shader</Filter>
    </ClCompile>
    <ClCompile Include="GameEngineTexture.cpp">
      <Filter>Resources\Texture</Filter>
    </ClCompile>
    <ClCompile Include="GameEngineRenderingPipeLine.cpp">
      <Filter>Resources</Filter>
    </ClCompile>
    <ClCompile Include="GameEngineConstantBuffer.cpp">
      <Filter>Resources\ShaderResources</Filter>
    </ClCompile>
    <ClCompile Include="GameEngineShaderResourcesHelper.cpp">
      <Filter>Object\Component\Rendering</Filter>
    </ClCompile>
    <ClCompile Include="GameEngineSampler.cpp">
      <Filter>Resources\Texture</Filter>
    </ClCompile>
    <ClCompile Include="GameEngineTextureRenderer.cpp">
      <Filter>Object\Component\Rendering\Content</Filter>
    </ClCompile>
    <ClCompile Include="GameEngineFolderTexture.cpp">
      <Filter>Resources\Texture</Filter>
    </ClCompile>
    <ClCompile Include="GameEngineDepthStencilTexture.cpp">
      <Filter>Resources\OutputMerger</Filter>
    </ClCompile>
    <ClCompile Include="imgui_widgets.cpp">
      <Filter>GUI\IMGUI</Filter>
    </ClCompile>
    <ClCompile Include="imgui_tables.cpp">
      <Filter>GUI\IMGUI</Filter>
    </ClCompile>
    <ClCompile Include="imgui_impl_win32.cpp">
      <Filter>GUI\IMGUI</Filter>
    </ClCompile>
    <ClCompile Include="imgui_impl_dx11.cpp">
      <Filter>GUI\IMGUI</Filter>
    </ClCompile>
    <ClCompile Include="imgui_draw.cpp">
      <Filter>GUI\IMGUI</Filter>
    </ClCompile>
    <ClCompile Include="imgui.cpp">
      <Filter>GUI\IMGUI</Filter>
    </ClCompile>
    <ClCompile Include="GameEngineGUI.cpp">
      <Filter>GUI</Filter>
    </ClCompile>
    <ClCompile Include="GameEngineUIRenderer.cpp">
      <Filter>Object\Component\Rendering\Content</Filter>
    </ClCompile>
    <ClCompile Include="GameEngineStatusWindow.cpp">
      <Filter>GUI\EngineGUIWindow</Filter>
    </ClCompile>
  </ItemGroup>
  <ItemGroup>
    <Filter Include="Contents">
      <UniqueIdentifier>{cc608213-b0b6-4f0a-b0bd-81adf4af0c31}</UniqueIdentifier>
    </Filter>
    <Filter Include="Core">
      <UniqueIdentifier>{e99e28cf-5242-415a-9d5c-9c23e5db09b4}</UniqueIdentifier>
    </Filter>
    <Filter Include="Object">
      <UniqueIdentifier>{23fb717e-7646-429e-9af6-d8ce52bc1b4b}</UniqueIdentifier>
    </Filter>
    <Filter Include="Object\Component">
      <UniqueIdentifier>{63e2568a-dac0-4d8a-9362-c2598ea34517}</UniqueIdentifier>
    </Filter>
    <Filter Include="Object\Component\Coliision">
      <UniqueIdentifier>{d060ecec-0d0c-4915-854d-5f3eeb5b69b0}</UniqueIdentifier>
    </Filter>
    <Filter Include="Object\Component\Rendering">
      <UniqueIdentifier>{8fba3525-40f2-44f9-8952-c32457c326d7}</UniqueIdentifier>
    </Filter>
    <Filter Include="Resources">
      <UniqueIdentifier>{5eb463f6-3c75-4bbb-a2dc-992193a9cf8b}</UniqueIdentifier>
    </Filter>
    <Filter Include="PreCompile">
      <UniqueIdentifier>{9d8a49a5-a325-4c59-ace7-a21ffbc09695}</UniqueIdentifier>
    </Filter>
    <Filter Include="Device">
      <UniqueIdentifier>{1a3fbfa6-1ae0-4cec-a5a4-dae1f0255d7e}</UniqueIdentifier>
    </Filter>
    <Filter Include="Resources\InputAssembler">
      <UniqueIdentifier>{2e0c48d1-6f4a-4746-8f2d-114b9ad647f2}</UniqueIdentifier>
    </Filter>
    <Filter Include="Resources\OutputMerger">
      <UniqueIdentifier>{b6842d87-68ce-4c90-91cf-92be3368fb43}</UniqueIdentifier>
    </Filter>
    <Filter Include="Resources\Rasterizer">
      <UniqueIdentifier>{9685a9d3-214f-46ab-aa47-01be7701d0f7}</UniqueIdentifier>
    </Filter>
    <Filter Include="Resources\Shader">
      <UniqueIdentifier>{445c76da-7d51-41aa-835e-9305034551e1}</UniqueIdentifier>
    </Filter>
    <Filter Include="Resources\Texture">
      <UniqueIdentifier>{b0669e2f-5d86-4edf-abc0-497176e1f29e}</UniqueIdentifier>
    </Filter>
    <Filter Include="Resources\ShaderResources">
      <UniqueIdentifier>{323b3638-40cf-4593-baad-aa8b27325b56}</UniqueIdentifier>
    </Filter>
    <Filter Include="ThirdParty">
      <UniqueIdentifier>{98bba687-24b7-4c2d-8cda-627b181da2d8}</UniqueIdentifier>
    </Filter>
    <Filter Include="ThirdParty\Inc">
      <UniqueIdentifier>{fef3f977-dbe5-427d-b87c-21a5d1976b91}</UniqueIdentifier>
    </Filter>
    <Filter Include="ThirdParty\bin">
      <UniqueIdentifier>{90a82403-8c9a-4811-8035-bed514ebb4ab}</UniqueIdentifier>
    </Filter>
    <Filter Include="ThirdParty\bin\Debug">
      <UniqueIdentifier>{0fccf1b6-213e-4455-b4d2-57c55770ea36}</UniqueIdentifier>
    </Filter>
    <Filter Include="ThirdParty\bin\Release">
      <UniqueIdentifier>{3919e90e-2518-45cf-84c8-588edce0e76c}</UniqueIdentifier>
    </Filter>
    <Filter Include="Object\Component\Rendering\Content">
      <UniqueIdentifier>{65c2bf2d-16c3-449e-97b8-f66a6077e495}</UniqueIdentifier>
    </Filter>
    <Filter Include="GUI">
      <UniqueIdentifier>{d070a05d-6199-43d9-9ed7-c03bc9842b6b}</UniqueIdentifier>
    </Filter>
    <Filter Include="GUI\IMGUI">
      <UniqueIdentifier>{03a20589-c731-4d3d-a48a-9271f28ac6b9}</UniqueIdentifier>
    </Filter>
    <Filter Include="GUI\EngineGUIWindow">
      <UniqueIdentifier>{ebaa8bc6-c893-4e2b-8a40-c6b472a98d92}</UniqueIdentifier>
    </Filter>
  </ItemGroup>
  <ItemGroup>
    <CopyFileToFolders Include="ThirdParty\bin\Debug\DirectXTex.lib">
      <Filter>ThirdParty\bin\Debug</Filter>
    </CopyFileToFolders>
    <CopyFileToFolders Include="ThirdParty\bin\Release\DirectXTex.lib">
      <Filter>ThirdParty\bin\Release</Filter>
    </CopyFileToFolders>
  </ItemGroup>
</Project>