<?xml version="1.0" encoding="utf-8"?>
<Project ToolsVersion="4.0" xmlns="http://schemas.microsoft.com/developer/msbuild/2003">
  <ItemGroup>
    <Filter Include="00_Level">
      <UniqueIdentifier>{eb4b92ca-c4a0-4bff-953e-e4c243d330d6}</UniqueIdentifier>
    </Filter>
    <Filter Include="01_Actor">
      <UniqueIdentifier>{4fe9d27f-fbe8-4f49-82a7-9b9160140121}</UniqueIdentifier>
    </Filter>
    <Filter Include="99_PreCompile">
      <UniqueIdentifier>{3195e5fe-9f79-4ae7-bf89-92e9939674a9}</UniqueIdentifier>
    </Filter>
    <Filter Include="98_Global">
      <UniqueIdentifier>{4b793f03-089b-4a21-ad0d-f5733a4a77c4}</UniqueIdentifier>
    </Filter>
    <Filter Include="00_Level\00_StartEnd">
      <UniqueIdentifier>{62803757-4959-4af5-a5d6-b46594b5b67d}</UniqueIdentifier>
    </Filter>
    <Filter Include="00_Level\01_Play">
      <UniqueIdentifier>{9c831b7e-b6c9-4c55-bd42-d0abb203fdbb}</UniqueIdentifier>
    </Filter>
    <Filter Include="01_Actor\00_StartEnd">
      <UniqueIdentifier>{b9418c56-658c-4ce1-b0b9-a672bd9be12a}</UniqueIdentifier>
    </Filter>
    <Filter Include="01_Actor\01_Play">
      <UniqueIdentifier>{5b04f7f7-786d-4ecd-87f8-64e4f4130905}</UniqueIdentifier>
    </Filter>
    <Filter Include="97_Contents">
      <UniqueIdentifier>{a6f17d0e-e037-45c3-bc1c-3de771776598}</UniqueIdentifier>
    </Filter>
    <Filter Include="02_Component">
      <UniqueIdentifier>{2524faf2-cffd-468c-9537-d822c6d54ddd}</UniqueIdentifier>
    </Filter>
    <Filter Include="01_Actor\01_Play\Map">
      <UniqueIdentifier>{f49ff4a2-4cc7-4486-8ae6-97d100fbd123}</UniqueIdentifier>
    </Filter>
    <Filter Include="01_Actor\01_Play\Characters">
      <UniqueIdentifier>{74b3c7ef-0cd4-4db6-9558-b18cde42b65f}</UniqueIdentifier>
    </Filter>
    <Filter Include="01_Actor\01_Play\Interface">
      <UniqueIdentifier>{9b8cc97b-5298-44a2-ae60-1b59d06f95b4}</UniqueIdentifier>
    </Filter>
    <Filter Include="01_Actor\01_Play\Monsters">
      <UniqueIdentifier>{bc597eed-4c3f-409c-8793-363c2818149b}</UniqueIdentifier>
    </Filter>
    <Filter Include="01_Actor\01_Play\Object">
      <UniqueIdentifier>{d0f8830b-5810-40ac-b897-fade875cbcb1}</UniqueIdentifier>
    </Filter>
    <Filter Include="01_Actor\01_Play\Effect">
      <UniqueIdentifier>{4f0a6611-260b-4677-a293-1b83719f410a}</UniqueIdentifier>
    </Filter>
    <Filter Include="01_Actor\01_Play\Manager">
      <UniqueIdentifier>{f259d62c-7645-4bb8-b9a8-30494f17930c}</UniqueIdentifier>
    </Filter>
    <Filter Include="98_Global\Enum">
      <UniqueIdentifier>{ad5326f6-785a-41c1-a508-062725c50311}</UniqueIdentifier>
    </Filter>
    <Filter Include="02_Component\00_Renderer">
      <UniqueIdentifier>{16c14e6d-9406-4030-b211-260ae553414a}</UniqueIdentifier>
    </Filter>
    <Filter Include="01_Actor\01_Play\Effect\Bullet">
      <UniqueIdentifier>{7cad0cd5-409a-4c36-ae14-57295b95958e}</UniqueIdentifier>
    </Filter>
    <Filter Include="01_Actor\01_Play\Characters\Players">
      <UniqueIdentifier>{e7563fa1-494f-49b9-a951-92bf9792bbf4}</UniqueIdentifier>
    </Filter>
    <Filter Include="01_Actor\01_Play\Object\Boxes">
      <UniqueIdentifier>{382e780d-e58e-4c3b-ba50-f1decc44e486}</UniqueIdentifier>
    </Filter>
    <Filter Include="01_Actor\01_Play\Object\Items">
      <UniqueIdentifier>{0d7e7914-6138-49e6-b24e-8f7e19803460}</UniqueIdentifier>
    </Filter>
    <Filter Include="01_Actor\01_Play\Object\Items\FrameItems">
      <UniqueIdentifier>{808a906d-6a25-4620-8c0f-9f402b7fe772}</UniqueIdentifier>
    </Filter>
    <Filter Include="01_Actor\01_Play\Object\Items\AtkItems">
      <UniqueIdentifier>{05b404e6-e87a-414c-a318-c936e845c12a}</UniqueIdentifier>
    </Filter>
    <Filter Include="01_Actor\01_Play\Object\Items\LevelUpItems">
      <UniqueIdentifier>{322ba4af-ae71-465e-9f50-0f44e19b5d22}</UniqueIdentifier>
    </Filter>
    <Filter Include="01_Actor\01_Play\Object\Items\BuffItem">
      <UniqueIdentifier>{c578834c-ef32-4c4d-8233-1ad6b0b0ed05}</UniqueIdentifier>
    </Filter>
    <Filter Include="01_Actor\01_Play\Object\Items\BulletItem">
      <UniqueIdentifier>{25051d4d-50dd-4c53-aab0-8b3999d9b0b0}</UniqueIdentifier>
    </Filter>
    <Filter Include="01_Actor\01_Play\Object\Items\BulletItem\MeatNugget">
      <UniqueIdentifier>{1876e055-2fbe-474c-8012-4212440f64f1}</UniqueIdentifier>
    </Filter>
    <Filter Include="01_Actor\01_Play\Object\Boxes\ChestLong">
      <UniqueIdentifier>{3dc3aa52-f841-45a5-b75b-9618bcc233b6}</UniqueIdentifier>
    </Filter>
    <Filter Include="00_Level\Etc">
      <UniqueIdentifier>{9fe21888-9df6-4e1b-b884-acbb8dde62d8}</UniqueIdentifier>
    </Filter>
    <Filter Include="01_Actor\01_Play\Object\Items\LevelUpItems\Warbanner">
      <UniqueIdentifier>{3a129738-7544-4da9-aea5-74a3233042cb}</UniqueIdentifier>
    </Filter>
    <Filter Include="98_Global\Imgui">
      <UniqueIdentifier>{af798299-0f18-42d6-8d32-b26e4315d590}</UniqueIdentifier>
    </Filter>
    <Filter Include="01_Actor\01_Play\Characters\Players\00_Commando">
      <UniqueIdentifier>{84b90061-e8fe-45ec-a6da-e2468d4330e6}</UniqueIdentifier>
    </Filter>
    <Filter Include="01_Actor\01_Play\Characters\Players\01_Bandit">
      <UniqueIdentifier>{397b121f-a6c2-401c-b291-0e59443cd2d4}</UniqueIdentifier>
    </Filter>
    <Filter Include="01_Actor\01_Play\Object\Items\UseItems">
      <UniqueIdentifier>{71c88407-1965-422d-ba64-068fd433318b}</UniqueIdentifier>
    </Filter>
    <Filter Include="01_Actor\01_Play\Object\Items\UseItems\Sawmerang">
      <UniqueIdentifier>{de506de2-eff8-4509-aaec-ee4920d3d9b8}</UniqueIdentifier>
    </Filter>
    <Filter Include="01_Actor\01_Play\Monsters\Boss">
      <UniqueIdentifier>{43542ffc-9e33-4b67-9ca1-5ad17e78540c}</UniqueIdentifier>
    </Filter>
    <Filter Include="01_Actor\01_Play\Monsters\Boss\MagmaWorm">
      <UniqueIdentifier>{0ec3f7dd-1ce8-458b-9c40-70581c57fe47}</UniqueIdentifier>
    </Filter>
    <Filter Include="01_Actor\01_Play\Object\AutoAtkObject">
      <UniqueIdentifier>{a3cfb0a1-a7ec-49e0-a389-daae3f406957}</UniqueIdentifier>
    </Filter>
    <Filter Include="01_Actor\01_Play\Object\AutoAtkObject\Missile">
      <UniqueIdentifier>{6a9ce874-465f-4ac9-aeb7-13775ddf594f}</UniqueIdentifier>
    </Filter>
    <Filter Include="01_Actor\01_Play\Object\AutoAtkObject\Drone">
      <UniqueIdentifier>{9de084b4-9a88-4de1-a2aa-d5432e08fb49}</UniqueIdentifier>
    </Filter>
    <Filter Include="01_Actor\01_Play\Object\AutoAtkObject\Drone\Item">
      <UniqueIdentifier>{acf35785-1bee-43ad-b7b2-d7f2adb8b94a}</UniqueIdentifier>
    </Filter>
    <Filter Include="01_Actor\01_Play\Monsters\MileeMonster">
      <UniqueIdentifier>{b3ed6398-23b3-4b7b-89f3-3f7aa1eff332}</UniqueIdentifier>
    </Filter>
    <Filter Include="01_Actor\01_Play\Monsters\RangeMonster">
      <UniqueIdentifier>{b7a51853-d9d3-4613-b63d-ec67d3f09510}</UniqueIdentifier>
    </Filter>
  </ItemGroup>
  <ItemGroup>
    <ClInclude Include="PreCompile.h">
      <Filter>99_PreCompile</Filter>
    </ClInclude>
    <ClInclude Include="StartLevel.h">
      <Filter>00_Level\00_StartEnd</Filter>
    </ClInclude>
    <ClInclude Include="EndLevel.h">
      <Filter>00_Level\00_StartEnd</Filter>
    </ClInclude>
    <ClInclude Include="Stage1Level.h">
      <Filter>00_Level\01_Play</Filter>
    </ClInclude>
    <ClInclude Include="RiskOfRain.h">
      <Filter>97_Contents</Filter>
    </ClInclude>
    <ClInclude Include="TitleBG.h">
      <Filter>01_Actor\00_StartEnd</Filter>
    </ClInclude>
    <ClInclude Include="StageGround.h">
      <Filter>01_Actor\01_Play\Map</Filter>
    </ClInclude>
    <ClInclude Include="StageLevelParent.h">
      <Filter>00_Level\01_Play</Filter>
    </ClInclude>
    <ClInclude Include="CharacterSelect.h">
      <Filter>00_Level\00_StartEnd</Filter>
    </ClInclude>
    <ClInclude Include="CharacterSelecter.h">
      <Filter>01_Actor\00_StartEnd</Filter>
    </ClInclude>
    <ClInclude Include="Option.h">
      <Filter>98_Global</Filter>
    </ClInclude>
    <ClInclude Include="HUD.h">
      <Filter>01_Actor\01_Play\Interface</Filter>
    </ClInclude>
    <ClInclude Include="Monster.h">
      <Filter>01_Actor\01_Play\Monsters</Filter>
    </ClInclude>
    <ClInclude Include="MonsterManager.h">
      <Filter>01_Actor\01_Play\Manager</Filter>
    </ClInclude>
    <ClInclude Include="CharacterCreater.h">
      <Filter>01_Actor\01_Play\Manager</Filter>
    </ClInclude>
    <ClInclude Include="Drops.h">
      <Filter>01_Actor\01_Play\Effect</Filter>
    </ClInclude>
    <ClInclude Include="Gold.h">
      <Filter>01_Actor\01_Play\Effect</Filter>
    </ClInclude>
    <ClInclude Include="Exp.h">
      <Filter>01_Actor\01_Play\Effect</Filter>
    </ClInclude>
    <ClInclude Include="Tutorial.h">
      <Filter>01_Actor\01_Play\Interface</Filter>
    </ClInclude>
    <ClInclude Include="TutorialUse.h">
      <Filter>01_Actor\01_Play\Interface</Filter>
    </ClInclude>
    <ClInclude Include="ObjectGroup.h">
      <Filter>98_Global\Enum</Filter>
    </ClInclude>
    <ClInclude Include="CharacterSelectEnum.h">
      <Filter>98_Global\Enum</Filter>
    </ClInclude>
    <ClInclude Include="ContentsFont.h">
      <Filter>98_Global</Filter>
    </ClInclude>
    <ClInclude Include="PiercingBullet.h">
      <Filter>01_Actor\01_Play\Effect\Bullet</Filter>
    </ClInclude>
    <ClInclude Include="Bullet.h">
      <Filter>01_Actor\01_Play\Effect\Bullet</Filter>
    </ClInclude>
    <ClInclude Include="Player.h">
      <Filter>01_Actor\01_Play\Characters</Filter>
    </ClInclude>
    <ClInclude Include="Bouncer.h">
      <Filter>01_Actor\01_Play\Object</Filter>
    </ClInclude>
    <ClInclude Include="ChestParent.h">
      <Filter>01_Actor\01_Play\Object\Boxes</Filter>
    </ClInclude>
    <ClInclude Include="ChestSmall.h">
      <Filter>01_Actor\01_Play\Object\Boxes</Filter>
    </ClInclude>
    <ClInclude Include="ChestNormal.h">
      <Filter>01_Actor\01_Play\Object\Boxes</Filter>
    </ClInclude>
    <ClInclude Include="ChestBig.h">
      <Filter>01_Actor\01_Play\Object\Boxes</Filter>
    </ClInclude>
    <ClInclude Include="ZOrder.h">
      <Filter>98_Global\Enum</Filter>
    </ClInclude>
    <ClInclude Include="Item.h">
      <Filter>01_Actor\01_Play\Object\Items</Filter>
    </ClInclude>
    <ClInclude Include="BarbedWire.h">
      <Filter>01_Actor\01_Play\Object\Items\FrameItems</Filter>
    </ClInclude>
    <ClInclude Include="ItemManager.h">
      <Filter>01_Actor\01_Play\Object\Items</Filter>
    </ClInclude>
    <ClInclude Include="ItemList.h">
      <Filter>98_Global\Enum</Filter>
    </ClInclude>
    <ClInclude Include="PlayerStatus.h">
      <Filter>98_Global</Filter>
    </ClInclude>
    <ClInclude Include="RedWhip.h">
      <Filter>01_Actor\01_Play\Object\Items\FrameItems</Filter>
    </ClInclude>
    <ClInclude Include="HarvesterScythe.h">
      <Filter>01_Actor\01_Play\Object\Items\BuffItem</Filter>
    </ClInclude>
    <ClInclude Include="MeatNugget.h">
      <Filter>01_Actor\01_Play\Object\Items\BulletItem\MeatNugget</Filter>
    </ClInclude>
    <ClInclude Include="MiniNugget.h">
      <Filter>01_Actor\01_Play\Object\Items\BulletItem\MeatNugget</Filter>
    </ClInclude>
    <ClInclude Include="ChestLong.h">
      <Filter>01_Actor\01_Play\Object\Boxes\ChestLong</Filter>
    </ClInclude>
    <ClInclude Include="ChestLongSet.h">
      <Filter>01_Actor\01_Play\Object\Boxes\ChestLong</Filter>
    </ClInclude>
    <ClInclude Include="SingleColorRenderer.h">
      <Filter>02_Component\00_Renderer</Filter>
    </ClInclude>
    <ClInclude Include="TestLevel.h">
      <Filter>00_Level\Etc</Filter>
    </ClInclude>
    <ClInclude Include="TestActor.h">
      <Filter>00_Level\Etc</Filter>
    </ClInclude>
    <ClInclude Include="Warbanner.h">
      <Filter>01_Actor\01_Play\Object\Items\LevelUpItems\Warbanner</Filter>
    </ClInclude>
    <ClInclude Include="WarbannerFlg.h">
      <Filter>01_Actor\01_Play\Object\Items\LevelUpItems\Warbanner</Filter>
    </ClInclude>
    <ClInclude Include="DebuggerGUI.h">
      <Filter>98_Global\Imgui</Filter>
    </ClInclude>
    <ClInclude Include="Commando.h">
      <Filter>01_Actor\01_Play\Characters\Players\00_Commando</Filter>
    </ClInclude>
    <ClInclude Include="Bandit.h">
      <Filter>01_Actor\01_Play\Characters\Players\01_Bandit</Filter>
    </ClInclude>
    <ClInclude Include="BanditGrenade.h">
      <Filter>01_Actor\01_Play\Characters\Players\01_Bandit</Filter>
    </ClInclude>
    <ClInclude Include="Sawmerang.h">
      <Filter>01_Actor\01_Play\Object\Items\UseItems\Sawmerang</Filter>
    </ClInclude>
    <ClInclude Include="SawmerangEffect.h">
      <Filter>01_Actor\01_Play\Object\Items\UseItems\Sawmerang</Filter>
    </ClInclude>
    <ClInclude Include="BossHUD.h">
      <Filter>01_Actor\01_Play\Interface</Filter>
    </ClInclude>
    <ClInclude Include="CommonFunction.h">
      <Filter>98_Global</Filter>
    </ClInclude>
    <ClInclude Include="Portal.h">
      <Filter>01_Actor\01_Play\Object</Filter>
    </ClInclude>
    <ClInclude Include="Stage2Level.h">
      <Filter>00_Level\01_Play</Filter>
    </ClInclude>
    <ClInclude Include="Missile.h">
      <Filter>01_Actor\01_Play\Object\AutoAtkObject\Missile</Filter>
    </ClInclude>
    <ClInclude Include="MissileExplosion.h">
      <Filter>01_Actor\01_Play\Object\AutoAtkObject\Missile</Filter>
    </ClInclude>
    <ClInclude Include="Colossus.h">
      <Filter>01_Actor\01_Play\Monsters\Boss</Filter>
    </ClInclude>
    <ClInclude Include="BossMonster.h">
      <Filter>01_Actor\01_Play\Monsters\Boss</Filter>
    </ClInclude>
    <ClInclude Include="MagmaWorm.h">
      <Filter>01_Actor\01_Play\Monsters\Boss\MagmaWorm</Filter>
    </ClInclude>
    <ClInclude Include="MagmaWormBody.h">
      <Filter>01_Actor\01_Play\Monsters\Boss\MagmaWorm</Filter>
    </ClInclude>
    <ClInclude Include="MissileSmokeRenderer.h">
      <Filter>02_Component\00_Renderer</Filter>
    </ClInclude>
    <ClInclude Include="Drone.h">
      <Filter>01_Actor\01_Play\Object\AutoAtkObject\Drone</Filter>
    </ClInclude>
    <ClInclude Include="AttackDrone.h">
      <Filter>01_Actor\01_Play\Object\AutoAtkObject\Drone</Filter>
    </ClInclude>
    <ClInclude Include="AutoAtkObject.h">
      <Filter>01_Actor\01_Play\Object\AutoAtkObject</Filter>
    </ClInclude>
    <ClInclude Include="MissileDrone.h">
      <Filter>01_Actor\01_Play\Object\AutoAtkObject\Drone</Filter>
    </ClInclude>
    <ClInclude Include="DroneItem.h">
      <Filter>01_Actor\01_Play\Object\AutoAtkObject\Drone\Item</Filter>
    </ClInclude>
    <ClInclude Include="AttackDroneItem.h">
      <Filter>01_Actor\01_Play\Object\AutoAtkObject\Drone\Item</Filter>
    </ClInclude>
    <ClInclude Include="MissileDroneItem.h">
      <Filter>01_Actor\01_Play\Object\AutoAtkObject\Drone\Item</Filter>
    </ClInclude>
    <ClInclude Include="Child.h">
      <Filter>01_Actor\01_Play\Monsters\MileeMonster</Filter>
    </ClInclude>
    <ClInclude Include="Lemurian.h">
      <Filter>01_Actor\01_Play\Monsters\MileeMonster</Filter>
    </ClInclude>
    <ClInclude Include="MonParent.h">
      <Filter>01_Actor\01_Play\Monsters\MileeMonster</Filter>
    </ClInclude>
    <ClInclude Include="RockGolem.h">
      <Filter>01_Actor\01_Play\Monsters\MileeMonster</Filter>
    </ClInclude>
    <ClInclude Include="Crab.h">
      <Filter>01_Actor\01_Play\Monsters\MileeMonster</Filter>
    </ClInclude>
    <ClInclude Include="MonsterBullet.h">
      <Filter>01_Actor\01_Play\Effect\Bullet</Filter>
    </ClInclude>
    <ClInclude Include="Wisp.h">
      <Filter>01_Actor\01_Play\Monsters\RangeMonster</Filter>
    </ClInclude>
    <ClInclude Include="AtGMissileMk1.h">
      <Filter>01_Actor\01_Play\Object\Items\AtkItems</Filter>
    </ClInclude>
    <ClInclude Include="ObjectCreater.h">
      <Filter>01_Actor\01_Play\Manager</Filter>
    </ClInclude>
    <ClInclude Include="EndBG.h">
      <Filter>01_Actor\00_StartEnd</Filter>
    </ClInclude>
    <ClInclude Include="MissileLauncher.h">
      <Filter>01_Actor\01_Play\Object\Items\UseItems</Filter>
    </ClInclude>
    <ClInclude Include="StartSoundPlayer.h">
      <Filter>01_Actor\00_StartEnd</Filter>
    </ClInclude>
  </ItemGroup>
  <ItemGroup>
    <ClCompile Include="PreCompile.cpp">
      <Filter>99_PreCompile</Filter>
    </ClCompile>
    <ClCompile Include="StartLevel.cpp">
      <Filter>00_Level\00_StartEnd</Filter>
    </ClCompile>
    <ClCompile Include="EndLevel.cpp">
      <Filter>00_Level\00_StartEnd</Filter>
    </ClCompile>
    <ClCompile Include="Stage1Level.cpp">
      <Filter>00_Level\01_Play</Filter>
    </ClCompile>
    <ClCompile Include="RiskOfRain.cpp">
      <Filter>97_Contents</Filter>
    </ClCompile>
    <ClCompile Include="TitleBG.cpp">
      <Filter>01_Actor\00_StartEnd</Filter>
    </ClCompile>
    <ClCompile Include="StageGround.cpp">
      <Filter>01_Actor\01_Play\Map</Filter>
    </ClCompile>
    <ClCompile Include="StageLevelParent.cpp">
      <Filter>00_Level\01_Play</Filter>
    </ClCompile>
    <ClCompile Include="CharacterSelect.cpp">
      <Filter>00_Level\00_StartEnd</Filter>
    </ClCompile>
    <ClCompile Include="CharacterSelecter.cpp">
      <Filter>01_Actor\00_StartEnd</Filter>
    </ClCompile>
    <ClCompile Include="Option.cpp">
      <Filter>98_Global</Filter>
    </ClCompile>
    <ClCompile Include="HUD.cpp">
      <Filter>01_Actor\01_Play\Interface</Filter>
    </ClCompile>
    <ClCompile Include="Monster.cpp">
      <Filter>01_Actor\01_Play\Monsters</Filter>
    </ClCompile>
    <ClCompile Include="MonsterManager.cpp">
      <Filter>01_Actor\01_Play\Manager</Filter>
    </ClCompile>
    <ClCompile Include="CharacterCreater.cpp">
      <Filter>01_Actor\01_Play\Manager</Filter>
    </ClCompile>
    <ClCompile Include="Drops.cpp">
      <Filter>01_Actor\01_Play\Effect</Filter>
    </ClCompile>
    <ClCompile Include="Gold.cpp">
      <Filter>01_Actor\01_Play\Effect</Filter>
    </ClCompile>
    <ClCompile Include="Exp.cpp">
      <Filter>01_Actor\01_Play\Effect</Filter>
    </ClCompile>
    <ClCompile Include="Tutorial.cpp">
      <Filter>01_Actor\01_Play\Interface</Filter>
    </ClCompile>
    <ClCompile Include="TutorialUse.cpp">
      <Filter>01_Actor\01_Play\Interface</Filter>
    </ClCompile>
    <ClCompile Include="ContentsFont.cpp">
      <Filter>98_Global</Filter>
    </ClCompile>
    <ClCompile Include="PiercingBullet.cpp">
      <Filter>01_Actor\01_Play\Effect\Bullet</Filter>
    </ClCompile>
    <ClCompile Include="Bullet.cpp">
      <Filter>01_Actor\01_Play\Effect\Bullet</Filter>
    </ClCompile>
    <ClCompile Include="Player.cpp">
      <Filter>01_Actor\01_Play\Characters</Filter>
    </ClCompile>
    <ClCompile Include="PlayerState.cpp">
      <Filter>01_Actor\01_Play\Characters</Filter>
    </ClCompile>
    <ClCompile Include="Bouncer.cpp">
      <Filter>01_Actor\01_Play\Object</Filter>
    </ClCompile>
    <ClCompile Include="ChestParent.cpp">
      <Filter>01_Actor\01_Play\Object\Boxes</Filter>
    </ClCompile>
    <ClCompile Include="ChestSmall.cpp">
      <Filter>01_Actor\01_Play\Object\Boxes</Filter>
    </ClCompile>
    <ClCompile Include="ChestNormal.cpp">
      <Filter>01_Actor\01_Play\Object\Boxes</Filter>
    </ClCompile>
    <ClCompile Include="ChestBig.cpp">
      <Filter>01_Actor\01_Play\Object\Boxes</Filter>
    </ClCompile>
    <ClCompile Include="Item.cpp">
      <Filter>01_Actor\01_Play\Object\Items</Filter>
    </ClCompile>
    <ClCompile Include="BarbedWire.cpp">
      <Filter>01_Actor\01_Play\Object\Items\FrameItems</Filter>
    </ClCompile>
    <ClCompile Include="ItemManager.cpp">
      <Filter>01_Actor\01_Play\Object\Items</Filter>
    </ClCompile>
    <ClCompile Include="RedWhip.cpp">
      <Filter>01_Actor\01_Play\Object\Items\FrameItems</Filter>
    </ClCompile>
    <ClCompile Include="HarvesterScythe.cpp">
      <Filter>01_Actor\01_Play\Object\Items\BuffItem</Filter>
    </ClCompile>
    <ClCompile Include="MeatNugget.cpp">
      <Filter>01_Actor\01_Play\Object\Items\BulletItem\MeatNugget</Filter>
    </ClCompile>
    <ClCompile Include="MiniNugget.cpp">
      <Filter>01_Actor\01_Play\Object\Items\BulletItem\MeatNugget</Filter>
    </ClCompile>
    <ClCompile Include="ChestLong.cpp">
      <Filter>01_Actor\01_Play\Object\Boxes\ChestLong</Filter>
    </ClCompile>
    <ClCompile Include="ChestLongSet.cpp">
      <Filter>01_Actor\01_Play\Object\Boxes\ChestLong</Filter>
    </ClCompile>
    <ClCompile Include="SingleColorRenderer.cpp">
      <Filter>02_Component\00_Renderer</Filter>
    </ClCompile>
    <ClCompile Include="TestLevel.cpp">
      <Filter>00_Level\Etc</Filter>
    </ClCompile>
    <ClCompile Include="TestActor.cpp">
      <Filter>00_Level\Etc</Filter>
    </ClCompile>
    <ClCompile Include="Warbanner.cpp">
      <Filter>01_Actor\01_Play\Object\Items\LevelUpItems\Warbanner</Filter>
    </ClCompile>
    <ClCompile Include="WarbannerFlg.cpp">
      <Filter>01_Actor\01_Play\Object\Items\LevelUpItems\Warbanner</Filter>
    </ClCompile>
    <ClCompile Include="PlayerStatus.cpp">
      <Filter>98_Global</Filter>
    </ClCompile>
    <ClCompile Include="DebuggerGUI.cpp">
      <Filter>98_Global\Imgui</Filter>
    </ClCompile>
    <ClCompile Include="Commando.cpp">
      <Filter>01_Actor\01_Play\Characters\Players\00_Commando</Filter>
    </ClCompile>
    <ClCompile Include="CommandoState.cpp">
      <Filter>01_Actor\01_Play\Characters\Players\00_Commando</Filter>
    </ClCompile>
    <ClCompile Include="Bandit.cpp">
      <Filter>01_Actor\01_Play\Characters\Players\01_Bandit</Filter>
    </ClCompile>
    <ClCompile Include="BanditState.cpp">
      <Filter>01_Actor\01_Play\Characters\Players\01_Bandit</Filter>
    </ClCompile>
    <ClCompile Include="BanditGrenade.cpp">
      <Filter>01_Actor\01_Play\Characters\Players\01_Bandit</Filter>
    </ClCompile>
    <ClCompile Include="Sawmerang.cpp">
      <Filter>01_Actor\01_Play\Object\Items\UseItems\Sawmerang</Filter>
    </ClCompile>
    <ClCompile Include="SawmerangEffect.cpp">
      <Filter>01_Actor\01_Play\Object\Items\UseItems\Sawmerang</Filter>
    </ClCompile>
    <ClCompile Include="BossHUD.cpp">
      <Filter>01_Actor\01_Play\Interface</Filter>
    </ClCompile>
    <ClCompile Include="CommonFunction.cpp">
      <Filter>98_Global</Filter>
    </ClCompile>
    <ClCompile Include="Portal.cpp">
      <Filter>01_Actor\01_Play\Object</Filter>
    </ClCompile>
    <ClCompile Include="Stage2Level.cpp">
      <Filter>00_Level\01_Play</Filter>
    </ClCompile>
    <ClCompile Include="Missile.cpp">
      <Filter>01_Actor\01_Play\Object\AutoAtkObject\Missile</Filter>
    </ClCompile>
    <ClCompile Include="MissileExplosion.cpp">
      <Filter>01_Actor\01_Play\Object\AutoAtkObject\Missile</Filter>
    </ClCompile>
    <ClCompile Include="BossMonster.cpp">
      <Filter>01_Actor\01_Play\Monsters\Boss</Filter>
    </ClCompile>
    <ClCompile Include="Colossus.cpp">
      <Filter>01_Actor\01_Play\Monsters\Boss</Filter>
    </ClCompile>
    <ClCompile Include="MagmaWorm.cpp">
      <Filter>01_Actor\01_Play\Monsters\Boss\MagmaWorm</Filter>
    </ClCompile>
    <ClCompile Include="MagmaWormBody.cpp">
      <Filter>01_Actor\01_Play\Monsters\Boss\MagmaWorm</Filter>
    </ClCompile>
    <ClCompile Include="MissileSmokeRenderer.cpp">
      <Filter>02_Component\00_Renderer</Filter>
    </ClCompile>
    <ClCompile Include="Drone.cpp">
      <Filter>01_Actor\01_Play\Object\AutoAtkObject\Drone</Filter>
    </ClCompile>
    <ClCompile Include="AttackDrone.cpp">
      <Filter>01_Actor\01_Play\Object\AutoAtkObject\Drone</Filter>
    </ClCompile>
    <ClCompile Include="AutoAtkObject.cpp">
      <Filter>01_Actor\01_Play\Object\AutoAtkObject</Filter>
    </ClCompile>
    <ClCompile Include="MissileDrone.cpp">
      <Filter>01_Actor\01_Play\Object\AutoAtkObject\Drone</Filter>
    </ClCompile>
    <ClCompile Include="DroneItem.cpp">
      <Filter>01_Actor\01_Play\Object\AutoAtkObject\Drone\Item</Filter>
    </ClCompile>
    <ClCompile Include="AttackDroneItem.cpp">
      <Filter>01_Actor\01_Play\Object\AutoAtkObject\Drone\Item</Filter>
    </ClCompile>
    <ClCompile Include="MissileDroneItem.cpp">
      <Filter>01_Actor\01_Play\Object\AutoAtkObject\Drone\Item</Filter>
    </ClCompile>
    <ClCompile Include="Child.cpp">
      <Filter>01_Actor\01_Play\Monsters\MileeMonster</Filter>
    </ClCompile>
    <ClCompile Include="Lemurian.cpp">
      <Filter>01_Actor\01_Play\Monsters\MileeMonster</Filter>
    </ClCompile>
    <ClCompile Include="MonParent.cpp">
      <Filter>01_Actor\01_Play\Monsters\MileeMonster</Filter>
    </ClCompile>
    <ClCompile Include="RockGolem.cpp">
      <Filter>01_Actor\01_Play\Monsters\MileeMonster</Filter>
    </ClCompile>
    <ClCompile Include="Crab.cpp">
      <Filter>01_Actor\01_Play\Monsters\MileeMonster</Filter>
    </ClCompile>
    <ClCompile Include="MonsterBullet.cpp">
      <Filter>01_Actor\01_Play\Effect\Bullet</Filter>
    </ClCompile>
    <ClCompile Include="Wisp.cpp">
      <Filter>01_Actor\01_Play\Monsters\RangeMonster</Filter>
    </ClCompile>
    <ClCompile Include="AtGMissileMk1.cpp">
      <Filter>01_Actor\01_Play\Object\Items\AtkItems</Filter>
    </ClCompile>
    <ClCompile Include="ObjectCreater.cpp">
      <Filter>01_Actor\01_Play\Manager</Filter>
    </ClCompile>
    <ClCompile Include="EndBG.cpp">
      <Filter>01_Actor\00_StartEnd</Filter>
    </ClCompile>
    <ClCompile Include="MissileLauncher.cpp">
      <Filter>01_Actor\01_Play\Object\Items\UseItems</Filter>
    </ClCompile>
    <ClCompile Include="StartSoundPlayer.cpp">
      <Filter>01_Actor\00_StartEnd</Filter>
    </ClCompile>
  </ItemGroup>
</Project>