<?xml version="1.0" encoding="utf-8"?>
<Project ToolsVersion="4.0" xmlns="http://schemas.microsoft.com/developer/msbuild/2003">
  <ItemGroup>
    <Filter Include="00_Level">
      <UniqueIdentifier>{eb4b92ca-c4a0-4bff-953e-e4c243d330d6}</UniqueIdentifier>
    </Filter>
    <Filter Include="01_Actor">
      <UniqueIdentifier>{4fe9d27f-fbe8-4f49-82a7-9b9160140121}</UniqueIdentifier>
    </Filter>
    <Filter Include="99_PreCompile">
      <UniqueIdentifier>{3195e5fe-9f79-4ae7-bf89-92e9939674a9}</UniqueIdentifier>
    </Filter>
    <Filter Include="98_Global">
      <UniqueIdentifier>{4b793f03-089b-4a21-ad0d-f5733a4a77c4}</UniqueIdentifier>
    </Filter>
    <Filter Include="00_Level\00_StartEnd">
      <UniqueIdentifier>{62803757-4959-4af5-a5d6-b46594b5b67d}</UniqueIdentifier>
    </Filter>
    <Filter Include="00_Level\01_Play">
      <UniqueIdentifier>{9c831b7e-b6c9-4c55-bd42-d0abb203fdbb}</UniqueIdentifier>
    </Filter>
    <Filter Include="01_Actor\00_StartEnd">
      <UniqueIdentifier>{b9418c56-658c-4ce1-b0b9-a672bd9be12a}</UniqueIdentifier>
    </Filter>
    <Filter Include="01_Actor\01_Play">
      <UniqueIdentifier>{5b04f7f7-786d-4ecd-87f8-64e4f4130905}</UniqueIdentifier>
    </Filter>
    <Filter Include="97_Contents">
      <UniqueIdentifier>{a6f17d0e-e037-45c3-bc1c-3de771776598}</UniqueIdentifier>
    </Filter>
    <Filter Include="02_Component">
      <UniqueIdentifier>{2524faf2-cffd-468c-9537-d822c6d54ddd}</UniqueIdentifier>
    </Filter>
    <Filter Include="02_Component\00_Texture">
      <UniqueIdentifier>{16c14e6d-9406-4030-b211-260ae553414a}</UniqueIdentifier>
    </Filter>
    <Filter Include="01_Actor\01_Play\Map">
      <UniqueIdentifier>{f49ff4a2-4cc7-4486-8ae6-97d100fbd123}</UniqueIdentifier>
    </Filter>
    <Filter Include="01_Actor\01_Play\Characters">
      <UniqueIdentifier>{74b3c7ef-0cd4-4db6-9558-b18cde42b65f}</UniqueIdentifier>
    </Filter>
    <Filter Include="01_Actor\01_Play\Interface">
      <UniqueIdentifier>{9b8cc97b-5298-44a2-ae60-1b59d06f95b4}</UniqueIdentifier>
    </Filter>
    <Filter Include="01_Actor\01_Play\Monsters">
      <UniqueIdentifier>{bc597eed-4c3f-409c-8793-363c2818149b}</UniqueIdentifier>
    </Filter>
  </ItemGroup>
  <ItemGroup>
    <ClInclude Include="PreCompile.h">
      <Filter>99_PreCompile</Filter>
    </ClInclude>
    <ClInclude Include="StartLevel.h">
      <Filter>00_Level\00_StartEnd</Filter>
    </ClInclude>
    <ClInclude Include="EndLevel.h">
      <Filter>00_Level\00_StartEnd</Filter>
    </ClInclude>
    <ClInclude Include="Stage1Level.h">
      <Filter>00_Level\01_Play</Filter>
    </ClInclude>
    <ClInclude Include="Player.h">
      <Filter>01_Actor\01_Play</Filter>
    </ClInclude>
    <ClInclude Include="RiskOfRain.h">
      <Filter>97_Contents</Filter>
    </ClInclude>
    <ClInclude Include="ObjectGroup.h">
      <Filter>98_Global</Filter>
    </ClInclude>
    <ClInclude Include="UnitFsm.h">
      <Filter>98_Global</Filter>
    </ClInclude>
    <ClInclude Include="TitleBG.h">
      <Filter>01_Actor\00_StartEnd</Filter>
    </ClInclude>
    <ClInclude Include="StageGround.h">
      <Filter>01_Actor\01_Play\Map</Filter>
    </ClInclude>
    <ClInclude Include="StageLevelParent.h">
      <Filter>00_Level\01_Play</Filter>
    </ClInclude>
    <ClInclude Include="Bandit.h">
      <Filter>01_Actor\01_Play\Characters</Filter>
    </ClInclude>
    <ClInclude Include="Commando.h">
      <Filter>01_Actor\01_Play\Characters</Filter>
    </ClInclude>
    <ClInclude Include="CharacterSelect.h">
      <Filter>00_Level\00_StartEnd</Filter>
    </ClInclude>
    <ClInclude Include="CharacterSelecter.h">
      <Filter>01_Actor\00_StartEnd</Filter>
    </ClInclude>
    <ClInclude Include="Option.h">
      <Filter>98_Global</Filter>
    </ClInclude>
    <ClInclude Include="CharacterSelectEnum.h">
      <Filter>98_Global</Filter>
    </ClInclude>
    <ClInclude Include="HUD.h">
      <Filter>01_Actor\01_Play\Interface</Filter>
    </ClInclude>
    <ClInclude Include="Monster.h">
      <Filter>01_Actor\01_Play\Monsters</Filter>
    </ClInclude>
    <ClInclude Include="Lemurian.h">
      <Filter>01_Actor\01_Play\Monsters</Filter>
    </ClInclude>
  </ItemGroup>
  <ItemGroup>
    <ClCompile Include="PreCompile.cpp">
      <Filter>99_PreCompile</Filter>
    </ClCompile>
    <ClCompile Include="StartLevel.cpp">
      <Filter>00_Level\00_StartEnd</Filter>
    </ClCompile>
    <ClCompile Include="EndLevel.cpp">
      <Filter>00_Level\00_StartEnd</Filter>
    </ClCompile>
    <ClCompile Include="Stage1Level.cpp">
      <Filter>00_Level\01_Play</Filter>
    </ClCompile>
    <ClCompile Include="Player.cpp">
      <Filter>01_Actor\01_Play</Filter>
    </ClCompile>
    <ClCompile Include="RiskOfRain.cpp">
      <Filter>97_Contents</Filter>
    </ClCompile>
    <ClCompile Include="PlayerState.cpp">
      <Filter>01_Actor\01_Play</Filter>
    </ClCompile>
    <ClCompile Include="TitleBG.cpp">
      <Filter>01_Actor\00_StartEnd</Filter>
    </ClCompile>
    <ClCompile Include="StageGround.cpp">
      <Filter>01_Actor\01_Play\Map</Filter>
    </ClCompile>
    <ClCompile Include="StageLevelParent.cpp">
      <Filter>00_Level\01_Play</Filter>
    </ClCompile>
    <ClCompile Include="BanditState.cpp">
      <Filter>01_Actor\01_Play\Characters</Filter>
    </ClCompile>
    <ClCompile Include="Bandit.cpp">
      <Filter>01_Actor\01_Play\Characters</Filter>
    </ClCompile>
    <ClCompile Include="Commando.cpp">
      <Filter>01_Actor\01_Play\Characters</Filter>
    </ClCompile>
    <ClCompile Include="CommandoState.cpp">
      <Filter>01_Actor\01_Play\Characters</Filter>
    </ClCompile>
    <ClCompile Include="CharacterSelect.cpp">
      <Filter>00_Level\00_StartEnd</Filter>
    </ClCompile>
    <ClCompile Include="CharacterSelecter.cpp">
      <Filter>01_Actor\00_StartEnd</Filter>
    </ClCompile>
    <ClCompile Include="Option.cpp">
      <Filter>98_Global</Filter>
    </ClCompile>
    <ClCompile Include="HUD.cpp">
      <Filter>01_Actor\01_Play\Interface</Filter>
    </ClCompile>
    <ClCompile Include="Monster.cpp">
      <Filter>01_Actor\01_Play\Monsters</Filter>
    </ClCompile>
    <ClCompile Include="Lemurian.cpp">
      <Filter>01_Actor\01_Play\Monsters</Filter>
    </ClCompile>
  </ItemGroup>
</Project>