<?xml version="1.0" encoding="utf-8"?>
<Project ToolsVersion="4.0" xmlns="http://schemas.microsoft.com/developer/msbuild/2003">
  <ItemGroup>
    <Filter Include="00_Level">
      <UniqueIdentifier>{eb4b92ca-c4a0-4bff-953e-e4c243d330d6}</UniqueIdentifier>
    </Filter>
    <Filter Include="01_Actor">
      <UniqueIdentifier>{4fe9d27f-fbe8-4f49-82a7-9b9160140121}</UniqueIdentifier>
    </Filter>
    <Filter Include="99_PreCompile">
      <UniqueIdentifier>{3195e5fe-9f79-4ae7-bf89-92e9939674a9}</UniqueIdentifier>
    </Filter>
    <Filter Include="98_Global">
      <UniqueIdentifier>{4b793f03-089b-4a21-ad0d-f5733a4a77c4}</UniqueIdentifier>
    </Filter>
    <Filter Include="00_Level\00_StartEnd">
      <UniqueIdentifier>{62803757-4959-4af5-a5d6-b46594b5b67d}</UniqueIdentifier>
    </Filter>
    <Filter Include="00_Level\01_Play">
      <UniqueIdentifier>{9c831b7e-b6c9-4c55-bd42-d0abb203fdbb}</UniqueIdentifier>
    </Filter>
    <Filter Include="01_Actor\00_StartEnd">
      <UniqueIdentifier>{b9418c56-658c-4ce1-b0b9-a672bd9be12a}</UniqueIdentifier>
    </Filter>
    <Filter Include="01_Actor\01_Play">
      <UniqueIdentifier>{5b04f7f7-786d-4ecd-87f8-64e4f4130905}</UniqueIdentifier>
    </Filter>
    <Filter Include="97_Contents">
      <UniqueIdentifier>{a6f17d0e-e037-45c3-bc1c-3de771776598}</UniqueIdentifier>
    </Filter>
    <Filter Include="02_Component">
      <UniqueIdentifier>{2524faf2-cffd-468c-9537-d822c6d54ddd}</UniqueIdentifier>
    </Filter>
    <Filter Include="01_Actor\01_Play\Map">
      <UniqueIdentifier>{f49ff4a2-4cc7-4486-8ae6-97d100fbd123}</UniqueIdentifier>
    </Filter>
    <Filter Include="01_Actor\01_Play\Characters">
      <UniqueIdentifier>{74b3c7ef-0cd4-4db6-9558-b18cde42b65f}</UniqueIdentifier>
    </Filter>
    <Filter Include="01_Actor\01_Play\Interface">
      <UniqueIdentifier>{9b8cc97b-5298-44a2-ae60-1b59d06f95b4}</UniqueIdentifier>
    </Filter>
    <Filter Include="01_Actor\01_Play\Monsters">
      <UniqueIdentifier>{bc597eed-4c3f-409c-8793-363c2818149b}</UniqueIdentifier>
    </Filter>
    <Filter Include="01_Actor\01_Play\Object">
      <UniqueIdentifier>{d0f8830b-5810-40ac-b897-fade875cbcb1}</UniqueIdentifier>
    </Filter>
    <Filter Include="01_Actor\01_Play\Effect">
      <UniqueIdentifier>{4f0a6611-260b-4677-a293-1b83719f410a}</UniqueIdentifier>
    </Filter>
    <Filter Include="01_Actor\01_Play\Manager">
      <UniqueIdentifier>{f259d62c-7645-4bb8-b9a8-30494f17930c}</UniqueIdentifier>
    </Filter>
    <Filter Include="98_Global\Enum">
      <UniqueIdentifier>{ad5326f6-785a-41c1-a508-062725c50311}</UniqueIdentifier>
    </Filter>
    <Filter Include="02_Component\00_Renderer">
      <UniqueIdentifier>{16c14e6d-9406-4030-b211-260ae553414a}</UniqueIdentifier>
    </Filter>
    <Filter Include="01_Actor\01_Play\Effect\Bullet">
      <UniqueIdentifier>{7cad0cd5-409a-4c36-ae14-57295b95958e}</UniqueIdentifier>
    </Filter>
    <Filter Include="01_Actor\01_Play\Characters\Players">
      <UniqueIdentifier>{e7563fa1-494f-49b9-a951-92bf9792bbf4}</UniqueIdentifier>
    </Filter>
    <Filter Include="01_Actor\01_Play\Object\Boxes">
      <UniqueIdentifier>{382e780d-e58e-4c3b-ba50-f1decc44e486}</UniqueIdentifier>
    </Filter>
    <Filter Include="01_Actor\01_Play\Object\Items">
      <UniqueIdentifier>{0d7e7914-6138-49e6-b24e-8f7e19803460}</UniqueIdentifier>
    </Filter>
    <Filter Include="01_Actor\01_Play\Object\Items\FrameItems">
      <UniqueIdentifier>{808a906d-6a25-4620-8c0f-9f402b7fe772}</UniqueIdentifier>
    </Filter>
    <Filter Include="01_Actor\01_Play\Object\Items\AtkItems">
      <UniqueIdentifier>{05b404e6-e87a-414c-a318-c936e845c12a}</UniqueIdentifier>
    </Filter>
    <Filter Include="01_Actor\01_Play\Object\Items\LevelUpItems">
      <UniqueIdentifier>{322ba4af-ae71-465e-9f50-0f44e19b5d22}</UniqueIdentifier>
    </Filter>
    <Filter Include="01_Actor\01_Play\Object\Items\BuffItem">
      <UniqueIdentifier>{c578834c-ef32-4c4d-8233-1ad6b0b0ed05}</UniqueIdentifier>
    </Filter>
  </ItemGroup>
  <ItemGroup>
    <ClInclude Include="PreCompile.h">
      <Filter>99_PreCompile</Filter>
    </ClInclude>
    <ClInclude Include="StartLevel.h">
      <Filter>00_Level\00_StartEnd</Filter>
    </ClInclude>
    <ClInclude Include="EndLevel.h">
      <Filter>00_Level\00_StartEnd</Filter>
    </ClInclude>
    <ClInclude Include="Stage1Level.h">
      <Filter>00_Level\01_Play</Filter>
    </ClInclude>
    <ClInclude Include="RiskOfRain.h">
      <Filter>97_Contents</Filter>
    </ClInclude>
    <ClInclude Include="TitleBG.h">
      <Filter>01_Actor\00_StartEnd</Filter>
    </ClInclude>
    <ClInclude Include="StageGround.h">
      <Filter>01_Actor\01_Play\Map</Filter>
    </ClInclude>
    <ClInclude Include="StageLevelParent.h">
      <Filter>00_Level\01_Play</Filter>
    </ClInclude>
    <ClInclude Include="CharacterSelect.h">
      <Filter>00_Level\00_StartEnd</Filter>
    </ClInclude>
    <ClInclude Include="CharacterSelecter.h">
      <Filter>01_Actor\00_StartEnd</Filter>
    </ClInclude>
    <ClInclude Include="Option.h">
      <Filter>98_Global</Filter>
    </ClInclude>
    <ClInclude Include="HUD.h">
      <Filter>01_Actor\01_Play\Interface</Filter>
    </ClInclude>
    <ClInclude Include="Monster.h">
      <Filter>01_Actor\01_Play\Monsters</Filter>
    </ClInclude>
    <ClInclude Include="Lemurian.h">
      <Filter>01_Actor\01_Play\Monsters</Filter>
    </ClInclude>
    <ClInclude Include="MonsterManager.h">
      <Filter>01_Actor\01_Play\Manager</Filter>
    </ClInclude>
    <ClInclude Include="CharacterCreater.h">
      <Filter>01_Actor\01_Play\Manager</Filter>
    </ClInclude>
    <ClInclude Include="Drops.h">
      <Filter>01_Actor\01_Play\Effect</Filter>
    </ClInclude>
    <ClInclude Include="Gold.h">
      <Filter>01_Actor\01_Play\Effect</Filter>
    </ClInclude>
    <ClInclude Include="Exp.h">
      <Filter>01_Actor\01_Play\Effect</Filter>
    </ClInclude>
    <ClInclude Include="Tutorial.h">
      <Filter>01_Actor\01_Play\Interface</Filter>
    </ClInclude>
    <ClInclude Include="TutorialUse.h">
      <Filter>01_Actor\01_Play\Interface</Filter>
    </ClInclude>
    <ClInclude Include="ObjectGroup.h">
      <Filter>98_Global\Enum</Filter>
    </ClInclude>
    <ClInclude Include="CharacterSelectEnum.h">
      <Filter>98_Global\Enum</Filter>
    </ClInclude>
    <ClInclude Include="ContentsFont.h">
      <Filter>98_Global</Filter>
    </ClInclude>
    <ClInclude Include="PiercingBullet.h">
      <Filter>01_Actor\01_Play\Effect\Bullet</Filter>
    </ClInclude>
    <ClInclude Include="Bullet.h">
      <Filter>01_Actor\01_Play\Effect\Bullet</Filter>
    </ClInclude>
    <ClInclude Include="Player.h">
      <Filter>01_Actor\01_Play\Characters</Filter>
    </ClInclude>
    <ClInclude Include="Bandit.h">
      <Filter>01_Actor\01_Play\Characters\Players</Filter>
    </ClInclude>
    <ClInclude Include="Commando.h">
      <Filter>01_Actor\01_Play\Characters\Players</Filter>
    </ClInclude>
    <ClInclude Include="Bouncer.h">
      <Filter>01_Actor\01_Play\Object</Filter>
    </ClInclude>
    <ClInclude Include="ChestParent.h">
      <Filter>01_Actor\01_Play\Object\Boxes</Filter>
    </ClInclude>
    <ClInclude Include="ChestSmall.h">
      <Filter>01_Actor\01_Play\Object\Boxes</Filter>
    </ClInclude>
    <ClInclude Include="ChestNormal.h">
      <Filter>01_Actor\01_Play\Object\Boxes</Filter>
    </ClInclude>
    <ClInclude Include="ChestLong.h">
      <Filter>01_Actor\01_Play\Object\Boxes</Filter>
    </ClInclude>
    <ClInclude Include="ChestBig.h">
      <Filter>01_Actor\01_Play\Object\Boxes</Filter>
    </ClInclude>
    <ClInclude Include="ZOrder.h">
      <Filter>98_Global\Enum</Filter>
    </ClInclude>
    <ClInclude Include="Item.h">
      <Filter>01_Actor\01_Play\Object\Items</Filter>
    </ClInclude>
    <ClInclude Include="Warbanner.h">
      <Filter>01_Actor\01_Play\Object\Items\LevelUpItems</Filter>
    </ClInclude>
    <ClInclude Include="MeatNugget.h">
      <Filter>01_Actor\01_Play\Object\Items\AtkItems</Filter>
    </ClInclude>
    <ClInclude Include="BarbedWire.h">
      <Filter>01_Actor\01_Play\Object\Items\FrameItems</Filter>
    </ClInclude>
    <ClInclude Include="ItemManager.h">
      <Filter>01_Actor\01_Play\Object\Items</Filter>
    </ClInclude>
    <ClInclude Include="ItemList.h">
      <Filter>98_Global\Enum</Filter>
    </ClInclude>
    <ClInclude Include="PlayerStatus.h">
      <Filter>98_Global</Filter>
    </ClInclude>
    <ClInclude Include="RedWhip.h">
      <Filter>01_Actor\01_Play\Object\Items\FrameItems</Filter>
    </ClInclude>
    <ClInclude Include="HarvesterScythe.h">
      <Filter>01_Actor\01_Play\Object\Items\BuffItem</Filter>
    </ClInclude>
    <ClInclude Include="ChestLongSet.h">
      <Filter>01_Actor\01_Play\Object\Boxes</Filter>
    </ClInclude>
  </ItemGroup>
  <ItemGroup>
    <ClCompile Include="PreCompile.cpp">
      <Filter>99_PreCompile</Filter>
    </ClCompile>
    <ClCompile Include="StartLevel.cpp">
      <Filter>00_Level\00_StartEnd</Filter>
    </ClCompile>
    <ClCompile Include="EndLevel.cpp">
      <Filter>00_Level\00_StartEnd</Filter>
    </ClCompile>
    <ClCompile Include="Stage1Level.cpp">
      <Filter>00_Level\01_Play</Filter>
    </ClCompile>
    <ClCompile Include="RiskOfRain.cpp">
      <Filter>97_Contents</Filter>
    </ClCompile>
    <ClCompile Include="TitleBG.cpp">
      <Filter>01_Actor\00_StartEnd</Filter>
    </ClCompile>
    <ClCompile Include="StageGround.cpp">
      <Filter>01_Actor\01_Play\Map</Filter>
    </ClCompile>
    <ClCompile Include="StageLevelParent.cpp">
      <Filter>00_Level\01_Play</Filter>
    </ClCompile>
    <ClCompile Include="CharacterSelect.cpp">
      <Filter>00_Level\00_StartEnd</Filter>
    </ClCompile>
    <ClCompile Include="CharacterSelecter.cpp">
      <Filter>01_Actor\00_StartEnd</Filter>
    </ClCompile>
    <ClCompile Include="Option.cpp">
      <Filter>98_Global</Filter>
    </ClCompile>
    <ClCompile Include="HUD.cpp">
      <Filter>01_Actor\01_Play\Interface</Filter>
    </ClCompile>
    <ClCompile Include="Monster.cpp">
      <Filter>01_Actor\01_Play\Monsters</Filter>
    </ClCompile>
    <ClCompile Include="Lemurian.cpp">
      <Filter>01_Actor\01_Play\Monsters</Filter>
    </ClCompile>
    <ClCompile Include="MonsterManager.cpp">
      <Filter>01_Actor\01_Play\Manager</Filter>
    </ClCompile>
    <ClCompile Include="CharacterCreater.cpp">
      <Filter>01_Actor\01_Play\Manager</Filter>
    </ClCompile>
    <ClCompile Include="Drops.cpp">
      <Filter>01_Actor\01_Play\Effect</Filter>
    </ClCompile>
    <ClCompile Include="Gold.cpp">
      <Filter>01_Actor\01_Play\Effect</Filter>
    </ClCompile>
    <ClCompile Include="Exp.cpp">
      <Filter>01_Actor\01_Play\Effect</Filter>
    </ClCompile>
    <ClCompile Include="Tutorial.cpp">
      <Filter>01_Actor\01_Play\Interface</Filter>
    </ClCompile>
    <ClCompile Include="TutorialUse.cpp">
      <Filter>01_Actor\01_Play\Interface</Filter>
    </ClCompile>
    <ClCompile Include="ContentsFont.cpp">
      <Filter>98_Global</Filter>
    </ClCompile>
    <ClCompile Include="PiercingBullet.cpp">
      <Filter>01_Actor\01_Play\Effect\Bullet</Filter>
    </ClCompile>
    <ClCompile Include="Bullet.cpp">
      <Filter>01_Actor\01_Play\Effect\Bullet</Filter>
    </ClCompile>
    <ClCompile Include="Player.cpp">
      <Filter>01_Actor\01_Play\Characters</Filter>
    </ClCompile>
    <ClCompile Include="PlayerState.cpp">
      <Filter>01_Actor\01_Play\Characters</Filter>
    </ClCompile>
    <ClCompile Include="Bandit.cpp">
      <Filter>01_Actor\01_Play\Characters\Players</Filter>
    </ClCompile>
    <ClCompile Include="BanditState.cpp">
      <Filter>01_Actor\01_Play\Characters\Players</Filter>
    </ClCompile>
    <ClCompile Include="Commando.cpp">
      <Filter>01_Actor\01_Play\Characters\Players</Filter>
    </ClCompile>
    <ClCompile Include="CommandoState.cpp">
      <Filter>01_Actor\01_Play\Characters\Players</Filter>
    </ClCompile>
    <ClCompile Include="Bouncer.cpp">
      <Filter>01_Actor\01_Play\Object</Filter>
    </ClCompile>
    <ClCompile Include="ChestParent.cpp">
      <Filter>01_Actor\01_Play\Object\Boxes</Filter>
    </ClCompile>
    <ClCompile Include="ChestSmall.cpp">
      <Filter>01_Actor\01_Play\Object\Boxes</Filter>
    </ClCompile>
    <ClCompile Include="ChestNormal.cpp">
      <Filter>01_Actor\01_Play\Object\Boxes</Filter>
    </ClCompile>
    <ClCompile Include="ChestLong.cpp">
      <Filter>01_Actor\01_Play\Object\Boxes</Filter>
    </ClCompile>
    <ClCompile Include="ChestBig.cpp">
      <Filter>01_Actor\01_Play\Object\Boxes</Filter>
    </ClCompile>
    <ClCompile Include="Item.cpp">
      <Filter>01_Actor\01_Play\Object\Items</Filter>
    </ClCompile>
    <ClCompile Include="Warbanner.cpp">
      <Filter>01_Actor\01_Play\Object\Items\LevelUpItems</Filter>
    </ClCompile>
    <ClCompile Include="MeatNugget.cpp">
      <Filter>01_Actor\01_Play\Object\Items\AtkItems</Filter>
    </ClCompile>
    <ClCompile Include="BarbedWire.cpp">
      <Filter>01_Actor\01_Play\Object\Items\FrameItems</Filter>
    </ClCompile>
    <ClCompile Include="ItemManager.cpp">
      <Filter>01_Actor\01_Play\Object\Items</Filter>
    </ClCompile>
    <ClCompile Include="RedWhip.cpp">
      <Filter>01_Actor\01_Play\Object\Items\FrameItems</Filter>
    </ClCompile>
    <ClCompile Include="HarvesterScythe.cpp">
      <Filter>01_Actor\01_Play\Object\Items\BuffItem</Filter>
    </ClCompile>
    <ClCompile Include="ChestLongSet.cpp">
      <Filter>01_Actor\01_Play\Object\Boxes</Filter>
    </ClCompile>
    <ClCompile Include="PlayerStatus.cpp" />
  </ItemGroup>
</Project>